<?xml version="1.0" encoding="utf-8"?>
<Project ToolsVersion="4.0" xmlns="http://schemas.microsoft.com/developer/msbuild/2003">
  <ItemGroup>
    <Filter Include="소스 파일">
      <UniqueIdentifier>{4FC737F1-C7A5-4376-A066-2A32D752A2FF}</UniqueIdentifier>
      <Extensions>cpp;c;cc;cxx;def;odl;idl;hpj;bat;asm;asmx</Extensions>
    </Filter>
    <Filter Include="헤더 파일">
      <UniqueIdentifier>{93995380-89BD-4b04-88EB-625FBE52EBFB}</UniqueIdentifier>
      <Extensions>h;hpp;hxx;hm;inl;inc;xsd</Extensions>
    </Filter>
    <Filter Include="리소스 파일">
      <UniqueIdentifier>{67DA6AB6-F800-4c08-8B7A-83BB121AAD01}</UniqueIdentifier>
      <Extensions>rc;ico;cur;bmp;dlg;rc2;rct;bin;rgs;gif;jpg;jpeg;jpe;resx;tiff;tif;png;wav;mfcribbon-ms</Extensions>
    </Filter>
    <Filter Include="lib">
      <UniqueIdentifier>{a599c4fa-01c9-4e9f-b4c9-fa122d2c8c5e}</UniqueIdentifier>
    </Filter>
    <Filter Include="network">
      <UniqueIdentifier>{4ce3aecc-dfc0-4ca4-a60b-2b9a00d81a12}</UniqueIdentifier>
    </Filter>
  </ItemGroup>
  <ItemGroup>
    <None Include="ReadMe.txt" />
    <None Include="..\..\..\Common\_XLibrary\XList.inl">
      <Filter>소스 파일</Filter>
    </None>
    <None Include="..\..\..\Common\_XLibrary\etc\ContainerSTL.inl">
      <Filter>소스 파일</Filter>
    </None>
  </ItemGroup>
  <ItemGroup>
    <ClInclude Include="targetver.h">
      <Filter>헤더 파일</Filter>
    </ClInclude>
    <ClInclude Include="..\..\..\Common\_XLibrary\etc\Timer.h">
      <Filter>소스 파일</Filter>
    </ClInclude>
    <ClInclude Include="..\..\..\Common\_XLibrary\etc\Token.h">
      <Filter>소스 파일</Filter>
    </ClInclude>
    <ClInclude Include="..\..\..\Common\_XLibrary\etc\Types.h">
      <Filter>소스 파일</Filter>
    </ClInclude>
    <ClInclude Include="..\..\..\Common\_XLibrary\etc\xLang.h">
      <Filter>소스 파일</Filter>
    </ClInclude>
    <ClInclude Include="..\..\..\Common\_XLibrary\etc\xUtil.h">
      <Filter>소스 파일</Filter>
    </ClInclude>
    <ClInclude Include="..\..\..\Common\_XLibrary\etc\Alert.h">
      <Filter>소스 파일</Filter>
    </ClInclude>
    <ClInclude Include="..\..\..\Common\_XLibrary\etc\ContainerSTL.h">
      <Filter>소스 파일</Filter>
    </ClInclude>
    <ClInclude Include="..\..\..\Common\_XLibrary\etc\ConvertString.h">
      <Filter>소스 파일</Filter>
    </ClInclude>
    <ClInclude Include="..\..\..\Common\_XLibrary\etc\Debug.h">
      <Filter>소스 파일</Filter>
    </ClInclude>
    <ClInclude Include="..\..\..\Common\_XLibrary\etc\Global.h">
      <Filter>소스 파일</Filter>
    </ClInclude>
    <ClInclude Include="..\..\..\Common\_XLibrary\etc\path.h">
      <Filter>소스 파일</Filter>
    </ClInclude>
    <ClInclude Include="stdafx.h" />
    <ClInclude Include="..\..\..\Common\_XLibrary\XResMng.h">
      <Filter>소스 파일</Filter>
    </ClInclude>
    <ClInclude Include="..\..\..\Common\_XLibrary\XSystem.h">
      <Filter>소스 파일</Filter>
    </ClInclude>
    <ClInclude Include="..\..\..\Common\_XLibrary\VersionXE.h">
      <Filter>소스 파일</Filter>
    </ClInclude>
    <ClInclude Include="..\..\..\Common\_XLibrary\XE.h">
      <Filter>소스 파일</Filter>
    </ClInclude>
    <ClInclude Include="..\..\..\Common\_XLibrary\xeDef.h">
      <Filter>소스 파일</Filter>
    </ClInclude>
    <ClInclude Include="..\..\..\Common\_XLibrary\xLib.h">
      <Filter>소스 파일</Filter>
    </ClInclude>
    <ClInclude Include="..\..\..\Common\_XLibrary\xLibConsole.h">
      <Filter>소스 파일</Filter>
    </ClInclude>
    <ClInclude Include="..\..\..\Common\_XLibrary\XLibrary.h">
      <Filter>소스 파일</Filter>
    </ClInclude>
    <ClInclude Include="..\..\..\Common\_XLibrary\xLibResPath.h">
      <Filter>소스 파일</Filter>
    </ClInclude>
    <ClInclude Include="..\..\..\Common\_XLibrary\XList.h">
      <Filter>소스 파일</Filter>
    </ClInclude>
    <ClInclude Include="..\..\..\Common\_XLibrary\XResObj.h">
      <Filter>소스 파일</Filter>
    </ClInclude>
    <ClInclude Include="..\..\..\Common\_XLibrary\XCrypto.h">
      <Filter>소스 파일</Filter>
    </ClInclude>
    <ClInclude Include="..\..\..\XFramework\XConstant.h">
      <Filter>소스 파일</Filter>
    </ClInclude>
    <ClInclude Include="..\..\..\XFramework\XTextTable.h">
      <Filter>소스 파일</Filter>
    </ClInclude>
    <ClInclude Include="..\..\..\Common\_XLibrary\XArchive.h">
      <Filter>소스 파일</Filter>
    </ClInclude>
    <ClInclude Include="..\..\..\XFramework\XConsoleMain.h">
      <Filter>소스 파일</Filter>
    </ClInclude>
    <ClInclude Include="..\..\..\Common\_XLibrary\Network\win32\XWinSocketClient.h">
      <Filter>헤더 파일</Filter>
    </ClInclude>
    <ClInclude Include="..\..\..\Common\_XLibrary\Network\client\XNetworkConnection.h">
      <Filter>헤더 파일</Filter>
    </ClInclude>
    <ClInclude Include="..\..\..\Common\_XLibrary\Network\client\XSocketClient.h">
      <Filter>헤더 파일</Filter>
    </ClInclude>
    <ClInclude Include="..\..\..\XFramework\XDBAccount.h">
      <Filter>소스 파일</Filter>
    </ClInclude>
    <ClInclude Include="..\..\..\Common\_XLibrary\Network\XNetworkDelegate.h">
      <Filter>network</Filter>
    </ClInclude>
    <ClInclude Include="..\..\..\Common\_XLibrary\Network\XPacket.h">
      <Filter>network</Filter>
    </ClInclude>
    <ClInclude Include="..\..\..\Common\_XLibrary\Network\xenDef.h">
      <Filter>소스 파일</Filter>
    </ClInclude>
    <ClInclude Include="..\..\..\XFramework\XEOption.h">
      <Filter>소스 파일</Filter>
    </ClInclude>
    <ClInclude Include="..\..\..\XFramework\XDetectDeadLock.h">
      <Filter>소스 파일</Filter>
    </ClInclude>
    <ClInclude Include="..\..\..\Common\_XLibrary\win32\XLockCS.h">
      <Filter>소스 파일</Filter>
    </ClInclude>
    <ClInclude Include="..\..\..\Common\_XLibrary\etc\XTimer2.h">
      <Filter>소스 파일</Filter>
    </ClInclude>
    <ClInclude Include="..\..\..\Common\_XLibrary\XLockPThreadMutex.h">
      <Filter>소스 파일</Filter>
    </ClInclude>
  </ItemGroup>
  <ItemGroup>
    <ClCompile Include="..\..\..\Common\_XLibrary\etc\Timer.cpp">
      <Filter>소스 파일</Filter>
    </ClCompile>
    <ClCompile Include="..\..\..\Common\_XLibrary\etc\Token.cpp">
      <Filter>소스 파일</Filter>
    </ClCompile>
    <ClCompile Include="..\..\..\Common\_XLibrary\etc\xLang.cpp">
      <Filter>소스 파일</Filter>
    </ClCompile>
    <ClCompile Include="..\..\..\Common\_XLibrary\etc\xUtil.cpp">
      <Filter>소스 파일</Filter>
    </ClCompile>
    <ClCompile Include="..\..\..\Common\_XLibrary\etc\Alert.cpp">
      <Filter>소스 파일</Filter>
    </ClCompile>
    <ClCompile Include="..\..\..\Common\_XLibrary\etc\ConvertString.cpp">
      <Filter>소스 파일</Filter>
    </ClCompile>
    <ClCompile Include="..\..\..\Common\_XLibrary\etc\Debug.cpp">
      <Filter>소스 파일</Filter>
    </ClCompile>
    <ClCompile Include="..\..\..\Common\_XLibrary\etc\path.cpp">
      <Filter>소스 파일</Filter>
    </ClCompile>
    <ClCompile Include="stdafx.cpp" />
    <ClCompile Include="..\..\..\Common\_XLibrary\XResMng.cpp">
      <Filter>소스 파일</Filter>
    </ClCompile>
    <ClCompile Include="..\..\..\Common\_XLibrary\XSystem.cpp">
      <Filter>소스 파일</Filter>
    </ClCompile>
    <ClCompile Include="..\..\..\Common\_XLibrary\XE.cpp">
      <Filter>소스 파일</Filter>
    </ClCompile>
    <ClCompile Include="..\..\..\Common\_XLibrary\XLibrary.cpp">
      <Filter>소스 파일</Filter>
    </ClCompile>
    <ClCompile Include="..\..\..\Common\_XLibrary\XResObj.cpp">
      <Filter>소스 파일</Filter>
    </ClCompile>
    <ClCompile Include="..\..\..\Common\_XLibrary\XCrypto.cpp">
      <Filter>소스 파일</Filter>
    </ClCompile>
    <ClCompile Include="..\..\..\XFramework\XConstant.cpp">
      <Filter>소스 파일</Filter>
    </ClCompile>
    <ClCompile Include="..\..\..\XFramework\XTextTable.cpp">
      <Filter>소스 파일</Filter>
    </ClCompile>
    <ClCompile Include="..\..\..\Common\_XLibrary\XArchive.cpp">
      <Filter>소스 파일</Filter>
    </ClCompile>
    <ClCompile Include="..\..\..\XFramework\XConsoleMain.cpp">
      <Filter>소스 파일</Filter>
    </ClCompile>
    <ClCompile Include="..\..\..\Common\_XLibrary\Network\client\XNetworkConnection.cpp">
      <Filter>network</Filter>
    </ClCompile>
    <ClCompile Include="..\..\..\Common\_XLibrary\Network\client\XSocketClient.cpp">
      <Filter>network</Filter>
    </ClCompile>
    <ClCompile Include="..\..\..\Common\_XLibrary\Network\win32\XWinSocketClient.cpp">
      <Filter>network</Filter>
    </ClCompile>
    <ClCompile Include="..\..\..\XFramework\XDBAccount.cpp">
      <Filter>소스 파일</Filter>
    </ClCompile>
    <ClCompile Include="..\..\..\Common\_XLibrary\Network\XNetworkDelegate.cpp">
      <Filter>network</Filter>
    </ClCompile>
    <ClCompile Include="..\..\..\Common\_XLibrary\Network\XPacket.cpp">
      <Filter>network</Filter>
    </ClCompile>
    <ClCompile Include="..\..\..\XFramework\XEOption.cpp">
      <Filter>소스 파일</Filter>
    </ClCompile>
    <ClCompile Include="..\..\..\XFramework\XDetectDeadLock.cpp">
      <Filter>소스 파일</Filter>
    </ClCompile>
    <ClCompile Include="..\..\..\Common\_XLibrary\win32\XLockCS.cpp">
      <Filter>소스 파일</Filter>
    </ClCompile>
    <ClCompile Include="..\..\..\Common\_XLibrary\etc\XTimer2.cpp">
      <Filter>소스 파일</Filter>
    </ClCompile>
    <ClCompile Include="..\..\..\Common\_XLibrary\XLockPThreadMutex.cpp">
      <Filter>소스 파일</Filter>
    </ClCompile>
  </ItemGroup>
  <ItemGroup>
    <Library Include="..\..\..\Third_Party_lib\pthread_win32\lib\x86\pthreadVC2.lib">
      <Filter>lib</Filter>
    </Library>
  </ItemGroup>
</Project>