
Microsoft Visual Studio Solution File, Format Version 12.00
# Visual Studio 14
VisualStudioVersion = 14.0.25420.1
MinimumVisualStudioVersion = 10.0.40219.1
Project("{8BC9CEB8-8B4A-11D0-8D11-00A0C91BC942}") = "Caribe2013", "Caribe\Caribe2013.vcxproj.vcxproj", "{1565A2CB-DB14-4F22-8545-F51B7C11C502}"
	ProjectSection(ProjectDependencies) = postProject
		{0C4742A0-4FF6-402D-A432-1AC7C1CED902} = {0C4742A0-4FF6-402D-A432-1AC7C1CED902}
		{4E6645B0-5901-4E21-A75D-C7D453C9A552} = {4E6645B0-5901-4E21-A75D-C7D453C9A552}
	EndProjectSection
EndProject
Project("{8BC9CEB8-8B4A-11D0-8D11-00A0C91BC942}") = "xe_client2013", "..\..\..\..\XE\prj\xe_client\xe_client\xe_client2013.vcxproj.vcxproj", "{4E6645B0-5901-4E21-A75D-C7D453C9A552}"
	ProjectSection(ProjectDependencies) = postProject
		{63B59066-E735-4F48-A82F-CFF9EE611212} = {63B59066-E735-4F48-A82F-CFF9EE611212}
		{0C4742A0-4FF6-402D-A432-1AC7C1CED902} = {0C4742A0-4FF6-402D-A432-1AC7C1CED902}
	EndProjectSection
EndProject
Project("{8BC9CEB8-8B4A-11D0-8D11-00A0C91BC942}") = "xe_console", "..\..\..\..\XE\prj\xe_console\xe_console\xe_console.vcxproj", "{63B59066-E735-4F48-A82F-CFF9EE611212}"
EndProject
Project("{8BC9CEB8-8B4A-11D0-8D11-00A0C91BC942}") = "1_ExtractList", "..\ExtractList\ExtractList\ExtractList.vcxproj", "{34C374D5-01E8-480D-AF18-581CE9A42CA0}"
	ProjectSection(ProjectDependencies) = postProject
		{63B59066-E735-4F48-A82F-CFF9EE611212} = {63B59066-E735-4F48-A82F-CFF9EE611212}
	EndProjectSection
EndProject
Project("{8BC9CEB8-8B4A-11D0-8D11-00A0C91BC942}") = "2_MakePackage2", "..\MakePackage2\MakePackage2\MakePackage2.vcxproj", "{1C96D25D-2617-4DE0-817B-729714BA1321}"
	ProjectSection(ProjectDependencies) = postProject
		{63B59066-E735-4F48-A82F-CFF9EE611212} = {63B59066-E735-4F48-A82F-CFF9EE611212}
	EndProjectSection
EndProject
Project("{8BC9CEB8-8B4A-11D0-8D11-00A0C91BC942}") = "DBAgentServer_2013", "..\DBAgentServer\DBAgentServer\DBAgentServer2013.vcxproj.vcxproj", "{F0CA98AD-98DA-4DED-9C0B-2372EA11DD87}"
EndProject
Project("{8BC9CEB8-8B4A-11D0-8D11-00A0C91BC942}") = "xe_server_2013", "..\..\..\..\XE\prj\xe_server\xe_server\xe_server2013.vcxproj.vcxproj", "{B014BA75-0D5C-4F52-886A-BF629C38BEFE}"
EndProject
Project("{8BC9CEB8-8B4A-11D0-8D11-00A0C91BC942}") = "GameServer2013", "..\GameServer\GameServer\GameServer2013.vcxproj.vcxproj", "{7A080E50-4D37-449A-B3FE-2BB1863D5C6E}"
EndProject
Project("{8BC9CEB8-8B4A-11D0-8D11-00A0C91BC942}") = "LoginServer_2013", "..\LoginServer\LoginServer\LoginServer2013.vcxproj.vcxproj", "{B34B601B-C01D-4A8D-A4D2-6A832E45AE0D}"
EndProject
Project("{8BC9CEB8-8B4A-11D0-8D11-00A0C91BC942}") = "WinOolong", "..\..\..\..\XE\prj\WinOolong\WinOolong.vcxproj", "{0C4742A0-4FF6-402D-A432-1AC7C1CED902}"
EndProject
Project("{2150E333-8FDC-42A3-9474-1A3956D46DE8}") = "Solution Items", "Solution Items", "{19EE91C8-77BB-4F05-A90D-6350E25E4F88}"
	ProjectSection(SolutionItems) = preProject
		Performance1.psess = Performance1.psess
		Performance2.psess = Performance2.psess
	EndProjectSection
EndProject
Global
	GlobalSection(SolutionConfigurationPlatforms) = preSolution
		_DebugGoogle|Win32 = _DebugGoogle|Win32
		_DebugGoogle|x64 = _DebugGoogle|x64
		Debug_DX|Win32 = Debug_DX|Win32
		Debug_DX|x64 = Debug_DX|x64
		Debug_GMO|Win32 = Debug_GMO|Win32
		Debug_GMO|x64 = Debug_GMO|x64
		Debug_Patch5|Win32 = Debug_Patch5|Win32
		Debug_Patch5|x64 = Debug_Patch5|x64
		Debug_single|Win32 = Debug_single|Win32
		Debug_single|x64 = Debug_single|x64
		Debug_Softnyx|Win32 = Debug_Softnyx|Win32
		Debug_Softnyx|x64 = Debug_Softnyx|x64
		DebugHome(Google)|Win32 = DebugHome(Google)|Win32
		DebugHome(Google)|x64 = DebugHome(Google)|x64
		DebugSingleHome|Win32 = DebugSingleHome|Win32
		DebugSingleHome|x64 = DebugSingleHome|x64
		DebugTestMode|Win32 = DebugTestMode|Win32
		DebugTestMode|x64 = DebugTestMode|x64
		RelCrewGoogle|Win32 = RelCrewGoogle|Win32
		RelCrewGoogle|x64 = RelCrewGoogle|x64
		RelCrewSoftnyx|Win32 = RelCrewSoftnyx|Win32
		RelCrewSoftnyx|x64 = RelCrewSoftnyx|x64
		Release|Win32 = Release|Win32
		Release|x64 = Release|x64
		RelGMOSoftnyx|Win32 = RelGMOSoftnyx|Win32
		RelGMOSoftnyx|x64 = RelGMOSoftnyx|x64
		RelSingle|Win32 = RelSingle|Win32
		RelSingle|x64 = RelSingle|x64
		RelSingleHome|Win32 = RelSingleHome|Win32
		RelSingleHome|x64 = RelSingleHome|x64
		RelTestMode|Win32 = RelTestMode|Win32
		RelTestMode|x64 = RelTestMode|x64
	EndGlobalSection
	GlobalSection(ProjectConfigurationPlatforms) = postSolution
		{1565A2CB-DB14-4F22-8545-F51B7C11C502}._DebugGoogle|Win32.ActiveCfg = Debug_GLES2|Win32
		{1565A2CB-DB14-4F22-8545-F51B7C11C502}._DebugGoogle|Win32.Build.0 = Debug_GLES2|Win32
		{1565A2CB-DB14-4F22-8545-F51B7C11C502}._DebugGoogle|x64.ActiveCfg = Release_single|Win32
		{1565A2CB-DB14-4F22-8545-F51B7C11C502}.Debug_DX|Win32.ActiveCfg = Debug_DX|Win32
		{1565A2CB-DB14-4F22-8545-F51B7C11C502}.Debug_DX|Win32.Build.0 = Debug_DX|Win32
		{1565A2CB-DB14-4F22-8545-F51B7C11C502}.Debug_DX|x64.ActiveCfg = Debug_DX|Win32
		{1565A2CB-DB14-4F22-8545-F51B7C11C502}.Debug_GMO|Win32.ActiveCfg = Debug_GMO|Win32
		{1565A2CB-DB14-4F22-8545-F51B7C11C502}.Debug_GMO|Win32.Build.0 = Debug_GMO|Win32
		{1565A2CB-DB14-4F22-8545-F51B7C11C502}.Debug_GMO|x64.ActiveCfg = Debug_GMO|Win32
		{1565A2CB-DB14-4F22-8545-F51B7C11C502}.Debug_Patch5|Win32.ActiveCfg = Debug_Patch5|Win32
		{1565A2CB-DB14-4F22-8545-F51B7C11C502}.Debug_Patch5|Win32.Build.0 = Debug_Patch5|Win32
		{1565A2CB-DB14-4F22-8545-F51B7C11C502}.Debug_Patch5|x64.ActiveCfg = Debug_Patch5|Win32
		{1565A2CB-DB14-4F22-8545-F51B7C11C502}.Debug_single|Win32.ActiveCfg = Debug_single|Win32
		{1565A2CB-DB14-4F22-8545-F51B7C11C502}.Debug_single|Win32.Build.0 = Debug_single|Win32
		{1565A2CB-DB14-4F22-8545-F51B7C11C502}.Debug_single|x64.ActiveCfg = Debug_single|Win32
		{1565A2CB-DB14-4F22-8545-F51B7C11C502}.Debug_Softnyx|Win32.ActiveCfg = Debug_GLES2|Win32
		{1565A2CB-DB14-4F22-8545-F51B7C11C502}.Debug_Softnyx|Win32.Build.0 = Debug_GLES2|Win32
		{1565A2CB-DB14-4F22-8545-F51B7C11C502}.Debug_Softnyx|x64.ActiveCfg = Debug_Softnyx|Win32
		{1565A2CB-DB14-4F22-8545-F51B7C11C502}.DebugHome(Google)|Win32.ActiveCfg = DebugHome(Google)|Win32
		{1565A2CB-DB14-4F22-8545-F51B7C11C502}.DebugHome(Google)|Win32.Build.0 = DebugHome(Google)|Win32
		{1565A2CB-DB14-4F22-8545-F51B7C11C502}.DebugHome(Google)|x64.ActiveCfg = Release_single|Win32
		{1565A2CB-DB14-4F22-8545-F51B7C11C502}.DebugSingleHome|Win32.ActiveCfg = DebugSingleHome|Win32
		{1565A2CB-DB14-4F22-8545-F51B7C11C502}.DebugSingleHome|Win32.Build.0 = DebugSingleHome|Win32
		{1565A2CB-DB14-4F22-8545-F51B7C11C502}.DebugSingleHome|x64.ActiveCfg = DebugSingleHome|Win32
		{1565A2CB-DB14-4F22-8545-F51B7C11C502}.DebugTestMode|Win32.ActiveCfg = DebugTestMode|Win32
		{1565A2CB-DB14-4F22-8545-F51B7C11C502}.DebugTestMode|Win32.Build.0 = DebugTestMode|Win32
		{1565A2CB-DB14-4F22-8545-F51B7C11C502}.DebugTestMode|x64.ActiveCfg = DebugTestMode|Win32
		{1565A2CB-DB14-4F22-8545-F51B7C11C502}.RelCrewGoogle|Win32.ActiveCfg = RelCrewGoogle|Win32
		{1565A2CB-DB14-4F22-8545-F51B7C11C502}.RelCrewGoogle|Win32.Build.0 = RelCrewGoogle|Win32
		{1565A2CB-DB14-4F22-8545-F51B7C11C502}.RelCrewGoogle|x64.ActiveCfg = RelCrewGoogle|Win32
		{1565A2CB-DB14-4F22-8545-F51B7C11C502}.RelCrewSoftnyx|Win32.ActiveCfg = RelCrewSoftnyx|Win32
		{1565A2CB-DB14-4F22-8545-F51B7C11C502}.RelCrewSoftnyx|Win32.Build.0 = RelCrewSoftnyx|Win32
		{1565A2CB-DB14-4F22-8545-F51B7C11C502}.RelCrewSoftnyx|x64.ActiveCfg = Rel_Bot|Win32
		{1565A2CB-DB14-4F22-8545-F51B7C11C502}.Release|Win32.ActiveCfg = Release|Win32
		{1565A2CB-DB14-4F22-8545-F51B7C11C502}.Release|Win32.Build.0 = Release|Win32
		{1565A2CB-DB14-4F22-8545-F51B7C11C502}.Release|x64.ActiveCfg = Release|Win32
		{1565A2CB-DB14-4F22-8545-F51B7C11C502}.RelGMOSoftnyx|Win32.ActiveCfg = Release_GMO|Win32
		{1565A2CB-DB14-4F22-8545-F51B7C11C502}.RelGMOSoftnyx|Win32.Build.0 = Release_GMO|Win32
		{1565A2CB-DB14-4F22-8545-F51B7C11C502}.RelGMOSoftnyx|x64.ActiveCfg = Release_GMO|Win32
		{1565A2CB-DB14-4F22-8545-F51B7C11C502}.RelSingle|Win32.ActiveCfg = Release_single|Win32
		{1565A2CB-DB14-4F22-8545-F51B7C11C502}.RelSingle|Win32.Build.0 = Release_single|Win32
		{1565A2CB-DB14-4F22-8545-F51B7C11C502}.RelSingle|x64.ActiveCfg = Release_single|Win32
		{1565A2CB-DB14-4F22-8545-F51B7C11C502}.RelSingleHome|Win32.ActiveCfg = RelSingleHome|Win32
		{1565A2CB-DB14-4F22-8545-F51B7C11C502}.RelSingleHome|Win32.Build.0 = RelSingleHome|Win32
		{1565A2CB-DB14-4F22-8545-F51B7C11C502}.RelSingleHome|x64.ActiveCfg = RelSingleHome|Win32
		{1565A2CB-DB14-4F22-8545-F51B7C11C502}.RelTestMode|Win32.ActiveCfg = RelTestMode|Win32
		{1565A2CB-DB14-4F22-8545-F51B7C11C502}.RelTestMode|Win32.Build.0 = RelTestMode|Win32
		{1565A2CB-DB14-4F22-8545-F51B7C11C502}.RelTestMode|x64.ActiveCfg = RelSingleHome|Win32
		{4E6645B0-5901-4E21-A75D-C7D453C9A552}._DebugGoogle|Win32.ActiveCfg = Debug_GLES2|Win32
		{4E6645B0-5901-4E21-A75D-C7D453C9A552}._DebugGoogle|Win32.Build.0 = Debug_GLES2|Win32
		{4E6645B0-5901-4E21-A75D-C7D453C9A552}._DebugGoogle|x64.ActiveCfg = Release_Bot2|Win32
		{4E6645B0-5901-4E21-A75D-C7D453C9A552}.Debug_DX|Win32.ActiveCfg = Debug_DX|Win32
		{4E6645B0-5901-4E21-A75D-C7D453C9A552}.Debug_DX|Win32.Build.0 = Debug_DX|Win32
		{4E6645B0-5901-4E21-A75D-C7D453C9A552}.Debug_DX|x64.ActiveCfg = Debug_DX|Win32
		{4E6645B0-5901-4E21-A75D-C7D453C9A552}.Debug_GMO|Win32.ActiveCfg = Debug_GLES2|Win32
		{4E6645B0-5901-4E21-A75D-C7D453C9A552}.Debug_GMO|Win32.Build.0 = Debug_GLES2|Win32
		{4E6645B0-5901-4E21-A75D-C7D453C9A552}.Debug_GMO|x64.ActiveCfg = Debug_GLES2|Win32
		{4E6645B0-5901-4E21-A75D-C7D453C9A552}.Debug_Patch5|Win32.ActiveCfg = Debug_Patch5|Win32
		{4E6645B0-5901-4E21-A75D-C7D453C9A552}.Debug_Patch5|Win32.Build.0 = Debug_Patch5|Win32
		{4E6645B0-5901-4E21-A75D-C7D453C9A552}.Debug_Patch5|x64.ActiveCfg = Debug_Patch5|Win32
		{4E6645B0-5901-4E21-A75D-C7D453C9A552}.Debug_single|Win32.ActiveCfg = Debug_single|Win32
		{4E6645B0-5901-4E21-A75D-C7D453C9A552}.Debug_single|Win32.Build.0 = Debug_single|Win32
		{4E6645B0-5901-4E21-A75D-C7D453C9A552}.Debug_single|x64.ActiveCfg = Debug_single|Win32
		{4E6645B0-5901-4E21-A75D-C7D453C9A552}.Debug_Softnyx|Win32.ActiveCfg = Debug_single|Win32
		{4E6645B0-5901-4E21-A75D-C7D453C9A552}.Debug_Softnyx|Win32.Build.0 = Debug_single|Win32
		{4E6645B0-5901-4E21-A75D-C7D453C9A552}.Debug_Softnyx|x64.ActiveCfg = Debug_single|Win32
		{4E6645B0-5901-4E21-A75D-C7D453C9A552}.DebugHome(Google)|Win32.ActiveCfg = DebugHome(Google)|Win32
		{4E6645B0-5901-4E21-A75D-C7D453C9A552}.DebugHome(Google)|Win32.Build.0 = DebugHome(Google)|Win32
		{4E6645B0-5901-4E21-A75D-C7D453C9A552}.DebugHome(Google)|x64.ActiveCfg = Release_Bot2|Win32
		{4E6645B0-5901-4E21-A75D-C7D453C9A552}.DebugSingleHome|Win32.ActiveCfg = DebugSingleHome|Win32
		{4E6645B0-5901-4E21-A75D-C7D453C9A552}.DebugSingleHome|Win32.Build.0 = DebugSingleHome|Win32
		{4E6645B0-5901-4E21-A75D-C7D453C9A552}.DebugSingleHome|x64.ActiveCfg = DebugSingleHome|Win32
		{4E6645B0-5901-4E21-A75D-C7D453C9A552}.DebugTestMode|Win32.ActiveCfg = DebugTestMode|Win32
		{4E6645B0-5901-4E21-A75D-C7D453C9A552}.DebugTestMode|Win32.Build.0 = DebugTestMode|Win32
		{4E6645B0-5901-4E21-A75D-C7D453C9A552}.DebugTestMode|x64.ActiveCfg = DebugTestMode|Win32
		{4E6645B0-5901-4E21-A75D-C7D453C9A552}.RelCrewGoogle|Win32.ActiveCfg = RelCrewGoogle|Win32
		{4E6645B0-5901-4E21-A75D-C7D453C9A552}.RelCrewGoogle|Win32.Build.0 = RelCrewGoogle|Win32
		{4E6645B0-5901-4E21-A75D-C7D453C9A552}.RelCrewGoogle|x64.ActiveCfg = RelCrewGoogle|Win32
		{4E6645B0-5901-4E21-A75D-C7D453C9A552}.RelCrewSoftnyx|Win32.ActiveCfg = RelCrewSoftnyx|Win32
		{4E6645B0-5901-4E21-A75D-C7D453C9A552}.RelCrewSoftnyx|Win32.Build.0 = RelCrewSoftnyx|Win32
		{4E6645B0-5901-4E21-A75D-C7D453C9A552}.RelCrewSoftnyx|x64.ActiveCfg = Rel_Bot|Win32
		{4E6645B0-5901-4E21-A75D-C7D453C9A552}.Release|Win32.ActiveCfg = Release|Win32
		{4E6645B0-5901-4E21-A75D-C7D453C9A552}.Release|Win32.Build.0 = Release|Win32
		{4E6645B0-5901-4E21-A75D-C7D453C9A552}.Release|x64.ActiveCfg = Release|Win32
		{4E6645B0-5901-4E21-A75D-C7D453C9A552}.RelGMOSoftnyx|Win32.ActiveCfg = Release|Win32
		{4E6645B0-5901-4E21-A75D-C7D453C9A552}.RelGMOSoftnyx|Win32.Build.0 = Release|Win32
		{4E6645B0-5901-4E21-A75D-C7D453C9A552}.RelGMOSoftnyx|x64.ActiveCfg = Release_Bot2|Win32
		{4E6645B0-5901-4E21-A75D-C7D453C9A552}.RelSingle|Win32.ActiveCfg = Release|Win32
		{4E6645B0-5901-4E21-A75D-C7D453C9A552}.RelSingle|Win32.Build.0 = Release|Win32
		{4E6645B0-5901-4E21-A75D-C7D453C9A552}.RelSingle|x64.ActiveCfg = Release_Bot2|Win32
		{4E6645B0-5901-4E21-A75D-C7D453C9A552}.RelSingleHome|Win32.ActiveCfg = RelHome|Win32
		{4E6645B0-5901-4E21-A75D-C7D453C9A552}.RelSingleHome|Win32.Build.0 = RelHome|Win32
		{4E6645B0-5901-4E21-A75D-C7D453C9A552}.RelSingleHome|x64.ActiveCfg = RelHome|Win32
		{4E6645B0-5901-4E21-A75D-C7D453C9A552}.RelSingleHome|x64.Build.0 = RelHome|Win32
		{4E6645B0-5901-4E21-A75D-C7D453C9A552}.RelTestMode|Win32.ActiveCfg = RelTestMode|Win32
		{4E6645B0-5901-4E21-A75D-C7D453C9A552}.RelTestMode|Win32.Build.0 = RelTestMode|Win32
		{4E6645B0-5901-4E21-A75D-C7D453C9A552}.RelTestMode|x64.ActiveCfg = RelHome|Win32
		{4E6645B0-5901-4E21-A75D-C7D453C9A552}.RelTestMode|x64.Build.0 = RelHome|Win32
		{63B59066-E735-4F48-A82F-CFF9EE611212}._DebugGoogle|Win32.ActiveCfg = Debug|Win32
		{63B59066-E735-4F48-A82F-CFF9EE611212}._DebugGoogle|Win32.Build.0 = Debug|Win32
		{63B59066-E735-4F48-A82F-CFF9EE611212}._DebugGoogle|x64.ActiveCfg = Debug|Win32
		{63B59066-E735-4F48-A82F-CFF9EE611212}.Debug_DX|Win32.ActiveCfg = Debug_Bot|Win32
		{63B59066-E735-4F48-A82F-CFF9EE611212}.Debug_DX|Win32.Build.0 = Debug_Bot|Win32
		{63B59066-E735-4F48-A82F-CFF9EE611212}.Debug_DX|x64.ActiveCfg = Debug_Bot|Win32
		{63B59066-E735-4F48-A82F-CFF9EE611212}.Debug_GMO|Win32.ActiveCfg = Debug_GLES2|Win32
		{63B59066-E735-4F48-A82F-CFF9EE611212}.Debug_GMO|Win32.Build.0 = Debug_GLES2|Win32
		{63B59066-E735-4F48-A82F-CFF9EE611212}.Debug_GMO|x64.ActiveCfg = Debug_GLES2|Win32
		{63B59066-E735-4F48-A82F-CFF9EE611212}.Debug_Patch5|Win32.ActiveCfg = Debug|Win32
		{63B59066-E735-4F48-A82F-CFF9EE611212}.Debug_Patch5|Win32.Build.0 = Debug|Win32
		{63B59066-E735-4F48-A82F-CFF9EE611212}.Debug_Patch5|x64.ActiveCfg = Debug_Bot|Win32
		{63B59066-E735-4F48-A82F-CFF9EE611212}.Debug_single|Win32.ActiveCfg = Debug|Win32
		{63B59066-E735-4F48-A82F-CFF9EE611212}.Debug_single|x64.ActiveCfg = Debug_Bot|Win32
		{63B59066-E735-4F48-A82F-CFF9EE611212}.Debug_Softnyx|Win32.ActiveCfg = Debug_Bot|Win32
		{63B59066-E735-4F48-A82F-CFF9EE611212}.Debug_Softnyx|Win32.Build.0 = Debug_Bot|Win32
		{63B59066-E735-4F48-A82F-CFF9EE611212}.Debug_Softnyx|x64.ActiveCfg = Debug_Bot|Win32
		{63B59066-E735-4F48-A82F-CFF9EE611212}.DebugHome(Google)|Win32.ActiveCfg = Debug|Win32
		{63B59066-E735-4F48-A82F-CFF9EE611212}.DebugHome(Google)|x64.ActiveCfg = Debug|Win32
		{63B59066-E735-4F48-A82F-CFF9EE611212}.DebugSingleHome|Win32.ActiveCfg = Debug|Win32
		{63B59066-E735-4F48-A82F-CFF9EE611212}.DebugSingleHome|x64.ActiveCfg = DebugSingleHome|Win32
		{63B59066-E735-4F48-A82F-CFF9EE611212}.DebugTestMode|Win32.ActiveCfg = DebugTestMode|Win32
		{63B59066-E735-4F48-A82F-CFF9EE611212}.DebugTestMode|x64.ActiveCfg = DebugTestMode|Win32
		{63B59066-E735-4F48-A82F-CFF9EE611212}.RelCrewGoogle|Win32.ActiveCfg = Release|Win32
		{63B59066-E735-4F48-A82F-CFF9EE611212}.RelCrewGoogle|Win32.Build.0 = Release|Win32
		{63B59066-E735-4F48-A82F-CFF9EE611212}.RelCrewGoogle|x64.ActiveCfg = Release_Bot|Win32
		{63B59066-E735-4F48-A82F-CFF9EE611212}.RelCrewSoftnyx|Win32.ActiveCfg = Release|Win32
		{63B59066-E735-4F48-A82F-CFF9EE611212}.RelCrewSoftnyx|Win32.Build.0 = Release|Win32
		{63B59066-E735-4F48-A82F-CFF9EE611212}.RelCrewSoftnyx|x64.ActiveCfg = Release_Bot|Win32
		{63B59066-E735-4F48-A82F-CFF9EE611212}.Release|Win32.ActiveCfg = Release|Win32
		{63B59066-E735-4F48-A82F-CFF9EE611212}.Release|Win32.Build.0 = Release|Win32
		{63B59066-E735-4F48-A82F-CFF9EE611212}.Release|x64.ActiveCfg = Release|Win32
		{63B59066-E735-4F48-A82F-CFF9EE611212}.RelGMOSoftnyx|Win32.ActiveCfg = Release|Win32
		{63B59066-E735-4F48-A82F-CFF9EE611212}.RelGMOSoftnyx|x64.ActiveCfg = Release_Bot|Win32
		{63B59066-E735-4F48-A82F-CFF9EE611212}.RelSingle|Win32.ActiveCfg = Release|Win32
		{63B59066-E735-4F48-A82F-CFF9EE611212}.RelSingle|x64.ActiveCfg = Release_Bot|Win32
		{63B59066-E735-4F48-A82F-CFF9EE611212}.RelSingleHome|Win32.ActiveCfg = Release|Win32
		{63B59066-E735-4F48-A82F-CFF9EE611212}.RelSingleHome|x64.ActiveCfg = RelSingleHome|Win32
		{63B59066-E735-4F48-A82F-CFF9EE611212}.RelTestMode|Win32.ActiveCfg = Release|Win32
		{63B59066-E735-4F48-A82F-CFF9EE611212}.RelTestMode|x64.ActiveCfg = RelSingleHome|Win32
		{34C374D5-01E8-480D-AF18-581CE9A42CA0}._DebugGoogle|Win32.ActiveCfg = Debug|Win32
		{34C374D5-01E8-480D-AF18-581CE9A42CA0}._DebugGoogle|Win32.Build.0 = Debug|Win32
		{34C374D5-01E8-480D-AF18-581CE9A42CA0}._DebugGoogle|x64.ActiveCfg = Debug|Win32
		{34C374D5-01E8-480D-AF18-581CE9A42CA0}.Debug_DX|Win32.ActiveCfg = Debug_DX|Win32
		{34C374D5-01E8-480D-AF18-581CE9A42CA0}.Debug_DX|Win32.Build.0 = Debug_DX|Win32
		{34C374D5-01E8-480D-AF18-581CE9A42CA0}.Debug_DX|x64.ActiveCfg = Debug_DX|Win32
		{34C374D5-01E8-480D-AF18-581CE9A42CA0}.Debug_GMO|Win32.ActiveCfg = Debug_GMO|Win32
		{34C374D5-01E8-480D-AF18-581CE9A42CA0}.Debug_GMO|Win32.Build.0 = Debug_GMO|Win32
		{34C374D5-01E8-480D-AF18-581CE9A42CA0}.Debug_GMO|x64.ActiveCfg = Debug_GMO|Win32
		{34C374D5-01E8-480D-AF18-581CE9A42CA0}.Debug_Patch5|Win32.ActiveCfg = Debug|Win32
		{34C374D5-01E8-480D-AF18-581CE9A42CA0}.Debug_Patch5|x64.ActiveCfg = Debug_Patch5|Win32
		{34C374D5-01E8-480D-AF18-581CE9A42CA0}.Debug_single|Win32.ActiveCfg = Debug|Win32
		{34C374D5-01E8-480D-AF18-581CE9A42CA0}.Debug_single|x64.ActiveCfg = Debug_GLES2|Win32
		{34C374D5-01E8-480D-AF18-581CE9A42CA0}.Debug_Softnyx|Win32.ActiveCfg = Debug|Win32
		{34C374D5-01E8-480D-AF18-581CE9A42CA0}.Debug_Softnyx|Win32.Build.0 = Debug|Win32
		{34C374D5-01E8-480D-AF18-581CE9A42CA0}.Debug_Softnyx|x64.ActiveCfg = Debug_Softnyx|Win32
		{34C374D5-01E8-480D-AF18-581CE9A42CA0}.DebugHome(Google)|Win32.ActiveCfg = Debug|Win32
		{34C374D5-01E8-480D-AF18-581CE9A42CA0}.DebugHome(Google)|x64.ActiveCfg = Debug|Win32
		{34C374D5-01E8-480D-AF18-581CE9A42CA0}.DebugSingleHome|Win32.ActiveCfg = Debug|Win32
		{34C374D5-01E8-480D-AF18-581CE9A42CA0}.DebugSingleHome|x64.ActiveCfg = DebugSingleHome|Win32
		{34C374D5-01E8-480D-AF18-581CE9A42CA0}.DebugTestMode|Win32.ActiveCfg = DebugTestMode|Win32
		{34C374D5-01E8-480D-AF18-581CE9A42CA0}.DebugTestMode|x64.ActiveCfg = DebugTestMode|Win32
		{34C374D5-01E8-480D-AF18-581CE9A42CA0}.RelCrewGoogle|Win32.ActiveCfg = Release|Win32
		{34C374D5-01E8-480D-AF18-581CE9A42CA0}.RelCrewGoogle|Win32.Build.0 = Release|Win32
		{34C374D5-01E8-480D-AF18-581CE9A42CA0}.RelCrewGoogle|x64.ActiveCfg = Release_GMO|Win32
		{34C374D5-01E8-480D-AF18-581CE9A42CA0}.RelCrewSoftnyx|Win32.ActiveCfg = Release|Win32
		{34C374D5-01E8-480D-AF18-581CE9A42CA0}.RelCrewSoftnyx|Win32.Build.0 = Release|Win32
		{34C374D5-01E8-480D-AF18-581CE9A42CA0}.RelCrewSoftnyx|x64.ActiveCfg = RelSoftnyx|Win32
		{34C374D5-01E8-480D-AF18-581CE9A42CA0}.Release|Win32.ActiveCfg = Release|Win32
		{34C374D5-01E8-480D-AF18-581CE9A42CA0}.Release|Win32.Build.0 = Release|Win32
		{34C374D5-01E8-480D-AF18-581CE9A42CA0}.Release|x64.ActiveCfg = Release|Win32
		{34C374D5-01E8-480D-AF18-581CE9A42CA0}.RelGMOSoftnyx|Win32.ActiveCfg = Release_GMO|Win32
		{34C374D5-01E8-480D-AF18-581CE9A42CA0}.RelGMOSoftnyx|x64.ActiveCfg = Release_GMO|Win32
		{34C374D5-01E8-480D-AF18-581CE9A42CA0}.RelSingle|Win32.ActiveCfg = Release|Win32
		{34C374D5-01E8-480D-AF18-581CE9A42CA0}.RelSingle|x64.ActiveCfg = Release|Win32
		{34C374D5-01E8-480D-AF18-581CE9A42CA0}.RelSingleHome|Win32.ActiveCfg = Release|Win32
		{34C374D5-01E8-480D-AF18-581CE9A42CA0}.RelSingleHome|x64.ActiveCfg = RelSingleHome|Win32
		{34C374D5-01E8-480D-AF18-581CE9A42CA0}.RelTestMode|Win32.ActiveCfg = Release|Win32
		{34C374D5-01E8-480D-AF18-581CE9A42CA0}.RelTestMode|x64.ActiveCfg = RelSingleHome|Win32
		{1C96D25D-2617-4DE0-817B-729714BA1321}._DebugGoogle|Win32.ActiveCfg = Debug|Win32
		{1C96D25D-2617-4DE0-817B-729714BA1321}._DebugGoogle|Win32.Build.0 = Debug|Win32
		{1C96D25D-2617-4DE0-817B-729714BA1321}._DebugGoogle|x64.ActiveCfg = Debug|Win32
		{1C96D25D-2617-4DE0-817B-729714BA1321}.Debug_DX|Win32.ActiveCfg = Debug_GLES2|Win32
		{1C96D25D-2617-4DE0-817B-729714BA1321}.Debug_DX|Win32.Build.0 = Debug_GLES2|Win32
		{1C96D25D-2617-4DE0-817B-729714BA1321}.Debug_DX|x64.ActiveCfg = Debug_GLES2|Win32
		{1C96D25D-2617-4DE0-817B-729714BA1321}.Debug_GMO|Win32.ActiveCfg = Debug_GMO|Win32
		{1C96D25D-2617-4DE0-817B-729714BA1321}.Debug_GMO|Win32.Build.0 = Debug_GMO|Win32
		{1C96D25D-2617-4DE0-817B-729714BA1321}.Debug_GMO|x64.ActiveCfg = Debug_GMO|Win32
		{1C96D25D-2617-4DE0-817B-729714BA1321}.Debug_Patch5|Win32.ActiveCfg = Debug|Win32
		{1C96D25D-2617-4DE0-817B-729714BA1321}.Debug_Patch5|x64.ActiveCfg = Debug_GLES2|Win32
		{1C96D25D-2617-4DE0-817B-729714BA1321}.Debug_single|Win32.ActiveCfg = Debug|Win32
		{1C96D25D-2617-4DE0-817B-729714BA1321}.Debug_single|x64.ActiveCfg = Debug_Softnyx|Win32
		{1C96D25D-2617-4DE0-817B-729714BA1321}.Debug_Softnyx|Win32.ActiveCfg = Debug|Win32
		{1C96D25D-2617-4DE0-817B-729714BA1321}.Debug_Softnyx|Win32.Build.0 = Debug|Win32
		{1C96D25D-2617-4DE0-817B-729714BA1321}.Debug_Softnyx|x64.ActiveCfg = Debug_Softnyx|Win32
		{1C96D25D-2617-4DE0-817B-729714BA1321}.DebugHome(Google)|Win32.ActiveCfg = Debug|Win32
		{1C96D25D-2617-4DE0-817B-729714BA1321}.DebugHome(Google)|x64.ActiveCfg = Debug|Win32
		{1C96D25D-2617-4DE0-817B-729714BA1321}.DebugSingleHome|Win32.ActiveCfg = Debug|Win32
		{1C96D25D-2617-4DE0-817B-729714BA1321}.DebugSingleHome|x64.ActiveCfg = DebugSingleHome|Win32
		{1C96D25D-2617-4DE0-817B-729714BA1321}.DebugTestMode|Win32.ActiveCfg = DebugTestMode|Win32
		{1C96D25D-2617-4DE0-817B-729714BA1321}.DebugTestMode|x64.ActiveCfg = DebugTestMode|Win32
		{1C96D25D-2617-4DE0-817B-729714BA1321}.RelCrewGoogle|Win32.ActiveCfg = Release|Win32
		{1C96D25D-2617-4DE0-817B-729714BA1321}.RelCrewGoogle|Win32.Build.0 = Release|Win32
		{1C96D25D-2617-4DE0-817B-729714BA1321}.RelCrewGoogle|x64.ActiveCfg = Release_GMO|Win32
		{1C96D25D-2617-4DE0-817B-729714BA1321}.RelCrewSoftnyx|Win32.ActiveCfg = Release|Win32
		{1C96D25D-2617-4DE0-817B-729714BA1321}.RelCrewSoftnyx|Win32.Build.0 = Release|Win32
		{1C96D25D-2617-4DE0-817B-729714BA1321}.RelCrewSoftnyx|x64.ActiveCfg = RelSoftnyx|Win32
		{1C96D25D-2617-4DE0-817B-729714BA1321}.Release|Win32.ActiveCfg = Release|Win32
		{1C96D25D-2617-4DE0-817B-729714BA1321}.Release|Win32.Build.0 = Release|Win32
		{1C96D25D-2617-4DE0-817B-729714BA1321}.Release|x64.ActiveCfg = Release|Win32
		{1C96D25D-2617-4DE0-817B-729714BA1321}.RelGMOSoftnyx|Win32.ActiveCfg = Release_GMO|Win32
		{1C96D25D-2617-4DE0-817B-729714BA1321}.RelGMOSoftnyx|x64.ActiveCfg = Release_GMO|Win32
		{1C96D25D-2617-4DE0-817B-729714BA1321}.RelSingle|Win32.ActiveCfg = Release|Win32
		{1C96D25D-2617-4DE0-817B-729714BA1321}.RelSingle|x64.ActiveCfg = Release|Win32
		{1C96D25D-2617-4DE0-817B-729714BA1321}.RelSingleHome|Win32.ActiveCfg = Release|Win32
		{1C96D25D-2617-4DE0-817B-729714BA1321}.RelSingleHome|x64.ActiveCfg = RelSingleHome|Win32
		{1C96D25D-2617-4DE0-817B-729714BA1321}.RelTestMode|Win32.ActiveCfg = Release|Win32
		{1C96D25D-2617-4DE0-817B-729714BA1321}.RelTestMode|x64.ActiveCfg = RelSingleHome|Win32
		{F0CA98AD-98DA-4DED-9C0B-2372EA11DD87}._DebugGoogle|Win32.ActiveCfg = Debug|Win32
		{F0CA98AD-98DA-4DED-9C0B-2372EA11DD87}._DebugGoogle|x64.ActiveCfg = Debug|Win32
		{F0CA98AD-98DA-4DED-9C0B-2372EA11DD87}.Debug_DX|Win32.ActiveCfg = Debug_DummyGenerator|Win32
		{F0CA98AD-98DA-4DED-9C0B-2372EA11DD87}.Debug_DX|Win32.Build.0 = Debug_DummyGenerator|Win32
		{F0CA98AD-98DA-4DED-9C0B-2372EA11DD87}.Debug_DX|x64.ActiveCfg = Debug_DummyGenerator|Win32
		{F0CA98AD-98DA-4DED-9C0B-2372EA11DD87}.Debug_GMO|Win32.ActiveCfg = Debug_GMO|Win32
		{F0CA98AD-98DA-4DED-9C0B-2372EA11DD87}.Debug_GMO|x64.ActiveCfg = Debug_GMO|Win32
		{F0CA98AD-98DA-4DED-9C0B-2372EA11DD87}.Debug_Patch5|Win32.ActiveCfg = Debug|Win32
		{F0CA98AD-98DA-4DED-9C0B-2372EA11DD87}.Debug_Patch5|x64.ActiveCfg = Debug_DummyGenerator|Win32
		{F0CA98AD-98DA-4DED-9C0B-2372EA11DD87}.Debug_single|Win32.ActiveCfg = Debug|Win32
		{F0CA98AD-98DA-4DED-9C0B-2372EA11DD87}.Debug_single|x64.ActiveCfg = Debug_bot|Win32
		{F0CA98AD-98DA-4DED-9C0B-2372EA11DD87}.Debug_Softnyx|Win32.ActiveCfg = Debug|Win32
		{F0CA98AD-98DA-4DED-9C0B-2372EA11DD87}.Debug_Softnyx|x64.ActiveCfg = Debug_bot|Win32
		{F0CA98AD-98DA-4DED-9C0B-2372EA11DD87}.DebugHome(Google)|Win32.ActiveCfg = Debug|Win32
		{F0CA98AD-98DA-4DED-9C0B-2372EA11DD87}.DebugHome(Google)|x64.ActiveCfg = Debug|Win32
		{F0CA98AD-98DA-4DED-9C0B-2372EA11DD87}.DebugSingleHome|Win32.ActiveCfg = Debug|Win32
		{F0CA98AD-98DA-4DED-9C0B-2372EA11DD87}.DebugSingleHome|x64.ActiveCfg = DebugSingleHome|Win32
		{F0CA98AD-98DA-4DED-9C0B-2372EA11DD87}.DebugTestMode|Win32.ActiveCfg = DebugTestMode|Win32
		{F0CA98AD-98DA-4DED-9C0B-2372EA11DD87}.DebugTestMode|x64.ActiveCfg = DebugTestMode|Win32
		{F0CA98AD-98DA-4DED-9C0B-2372EA11DD87}.RelCrewGoogle|Win32.ActiveCfg = RelCrewDev|Win32
		{F0CA98AD-98DA-4DED-9C0B-2372EA11DD87}.RelCrewGoogle|x64.ActiveCfg = RelCrewDev|Win32
		{F0CA98AD-98DA-4DED-9C0B-2372EA11DD87}.RelCrewSoftnyx|Win32.ActiveCfg = RelCrewDev|Win32
		{F0CA98AD-98DA-4DED-9C0B-2372EA11DD87}.RelCrewSoftnyx|x64.ActiveCfg = Rel_Bot|Win32
		{F0CA98AD-98DA-4DED-9C0B-2372EA11DD87}.Release|Win32.ActiveCfg = Release|Win32
		{F0CA98AD-98DA-4DED-9C0B-2372EA11DD87}.Release|x64.ActiveCfg = Release|Win32
		{F0CA98AD-98DA-4DED-9C0B-2372EA11DD87}.RelGMOSoftnyx|Win32.ActiveCfg = Release_GMO|Win32
		{F0CA98AD-98DA-4DED-9C0B-2372EA11DD87}.RelGMOSoftnyx|x64.ActiveCfg = Release_GMO|Win32
		{F0CA98AD-98DA-4DED-9C0B-2372EA11DD87}.RelSingle|Win32.ActiveCfg = Release|Win32
		{F0CA98AD-98DA-4DED-9C0B-2372EA11DD87}.RelSingle|x64.ActiveCfg = Release|Win32
		{F0CA98AD-98DA-4DED-9C0B-2372EA11DD87}.RelSingleHome|Win32.ActiveCfg = Release|Win32
		{F0CA98AD-98DA-4DED-9C0B-2372EA11DD87}.RelSingleHome|x64.ActiveCfg = RelSingleHome|Win32
		{F0CA98AD-98DA-4DED-9C0B-2372EA11DD87}.RelTestMode|Win32.ActiveCfg = Release|Win32
		{F0CA98AD-98DA-4DED-9C0B-2372EA11DD87}.RelTestMode|x64.ActiveCfg = RelSingleHome|Win32
		{B014BA75-0D5C-4F52-886A-BF629C38BEFE}._DebugGoogle|Win32.ActiveCfg = Debug|Win32
		{B014BA75-0D5C-4F52-886A-BF629C38BEFE}._DebugGoogle|x64.ActiveCfg = Debug|x64
		{B014BA75-0D5C-4F52-886A-BF629C38BEFE}.Debug_DX|Win32.ActiveCfg = Debug_DummyGenerator|Win32
		{B014BA75-0D5C-4F52-886A-BF629C38BEFE}.Debug_DX|Win32.Build.0 = Debug_DummyGenerator|Win32
		{B014BA75-0D5C-4F52-886A-BF629C38BEFE}.Debug_DX|x64.ActiveCfg = Debug_DummyGenerator|x64
		{B014BA75-0D5C-4F52-886A-BF629C38BEFE}.Debug_DX|x64.Build.0 = Debug_DummyGenerator|x64
		{B014BA75-0D5C-4F52-886A-BF629C38BEFE}.Debug_GMO|Win32.ActiveCfg = Debug_GMO|Win32
		{B014BA75-0D5C-4F52-886A-BF629C38BEFE}.Debug_GMO|x64.ActiveCfg = Debug_GMO|x64
		{B014BA75-0D5C-4F52-886A-BF629C38BEFE}.Debug_Patch5|Win32.ActiveCfg = Debug|Win32
		{B014BA75-0D5C-4F52-886A-BF629C38BEFE}.Debug_Patch5|x64.ActiveCfg = Debug_DummyGenerator|x64
		{B014BA75-0D5C-4F52-886A-BF629C38BEFE}.Debug_Patch5|x64.Build.0 = Debug_DummyGenerator|x64
		{B014BA75-0D5C-4F52-886A-BF629C38BEFE}.Debug_single|Win32.ActiveCfg = Debug|Win32
		{B014BA75-0D5C-4F52-886A-BF629C38BEFE}.Debug_single|x64.ActiveCfg = Debug_bot|x64
		{B014BA75-0D5C-4F52-886A-BF629C38BEFE}.Debug_single|x64.Build.0 = Debug_bot|x64
		{B014BA75-0D5C-4F52-886A-BF629C38BEFE}.Debug_Softnyx|Win32.ActiveCfg = Debug|Win32
		{B014BA75-0D5C-4F52-886A-BF629C38BEFE}.Debug_Softnyx|x64.ActiveCfg = Debug_bot|x64
		{B014BA75-0D5C-4F52-886A-BF629C38BEFE}.Debug_Softnyx|x64.Build.0 = Debug_bot|x64
		{B014BA75-0D5C-4F52-886A-BF629C38BEFE}.DebugHome(Google)|Win32.ActiveCfg = Debug|Win32
		{B014BA75-0D5C-4F52-886A-BF629C38BEFE}.DebugHome(Google)|x64.ActiveCfg = Debug|x64
		{B014BA75-0D5C-4F52-886A-BF629C38BEFE}.DebugSingleHome|Win32.ActiveCfg = Debug|Win32
		{B014BA75-0D5C-4F52-886A-BF629C38BEFE}.DebugSingleHome|x64.ActiveCfg = DebugSingleHome|x64
		{B014BA75-0D5C-4F52-886A-BF629C38BEFE}.DebugTestMode|Win32.ActiveCfg = DebugTestMode|Win32
		{B014BA75-0D5C-4F52-886A-BF629C38BEFE}.DebugTestMode|x64.ActiveCfg = DebugTestMode|x64
		{B014BA75-0D5C-4F52-886A-BF629C38BEFE}.RelCrewGoogle|Win32.ActiveCfg = Release|Win32
		{B014BA75-0D5C-4F52-886A-BF629C38BEFE}.RelCrewGoogle|x64.ActiveCfg = RelCrewDev|x64
		{B014BA75-0D5C-4F52-886A-BF629C38BEFE}.RelCrewGoogle|x64.Build.0 = RelCrewDev|x64
		{B014BA75-0D5C-4F52-886A-BF629C38BEFE}.RelCrewSoftnyx|Win32.ActiveCfg = Release|Win32
		{B014BA75-0D5C-4F52-886A-BF629C38BEFE}.RelCrewSoftnyx|x64.ActiveCfg = Rel_Bot|x64
		{B014BA75-0D5C-4F52-886A-BF629C38BEFE}.RelCrewSoftnyx|x64.Build.0 = Rel_Bot|x64
		{B014BA75-0D5C-4F52-886A-BF629C38BEFE}.Release|Win32.ActiveCfg = Release|Win32
		{B014BA75-0D5C-4F52-886A-BF629C38BEFE}.Release|x64.ActiveCfg = Release|x64
		{B014BA75-0D5C-4F52-886A-BF629C38BEFE}.Release|x64.Build.0 = Release|x64
		{B014BA75-0D5C-4F52-886A-BF629C38BEFE}.RelGMOSoftnyx|Win32.ActiveCfg = Release_GMO|Win32
		{B014BA75-0D5C-4F52-886A-BF629C38BEFE}.RelGMOSoftnyx|x64.ActiveCfg = Release_GMO|x64
		{B014BA75-0D5C-4F52-886A-BF629C38BEFE}.RelSingle|Win32.ActiveCfg = Release|Win32
		{B014BA75-0D5C-4F52-886A-BF629C38BEFE}.RelSingle|x64.ActiveCfg = Release|x64
		{B014BA75-0D5C-4F52-886A-BF629C38BEFE}.RelSingle|x64.Build.0 = Release|x64
		{B014BA75-0D5C-4F52-886A-BF629C38BEFE}.RelSingleHome|Win32.ActiveCfg = Release|Win32
		{B014BA75-0D5C-4F52-886A-BF629C38BEFE}.RelSingleHome|x64.ActiveCfg = RelSingleHome|x64
		{B014BA75-0D5C-4F52-886A-BF629C38BEFE}.RelTestMode|Win32.ActiveCfg = Release|Win32
		{B014BA75-0D5C-4F52-886A-BF629C38BEFE}.RelTestMode|x64.ActiveCfg = RelSingleHome|x64
		{7A080E50-4D37-449A-B3FE-2BB1863D5C6E}._DebugGoogle|Win32.ActiveCfg = Debug|Win32
		{7A080E50-4D37-449A-B3FE-2BB1863D5C6E}._DebugGoogle|x64.ActiveCfg = Debug|Win32
		{7A080E50-4D37-449A-B3FE-2BB1863D5C6E}.Debug_DX|Win32.ActiveCfg = Debug_DummyGenerator|Win32
		{7A080E50-4D37-449A-B3FE-2BB1863D5C6E}.Debug_DX|Win32.Build.0 = Debug_DummyGenerator|Win32
		{7A080E50-4D37-449A-B3FE-2BB1863D5C6E}.Debug_DX|x64.ActiveCfg = Debug_DummyGenerator|Win32
		{7A080E50-4D37-449A-B3FE-2BB1863D5C6E}.Debug_GMO|Win32.ActiveCfg = Debug_GMO|Win32
		{7A080E50-4D37-449A-B3FE-2BB1863D5C6E}.Debug_GMO|x64.ActiveCfg = Debug_GMO|Win32
		{7A080E50-4D37-449A-B3FE-2BB1863D5C6E}.Debug_Patch5|Win32.ActiveCfg = Debug|Win32
		{7A080E50-4D37-449A-B3FE-2BB1863D5C6E}.Debug_Patch5|x64.ActiveCfg = Debug_DummyGenerator|Win32
		{7A080E50-4D37-449A-B3FE-2BB1863D5C6E}.Debug_single|Win32.ActiveCfg = Debug|Win32
		{7A080E50-4D37-449A-B3FE-2BB1863D5C6E}.Debug_single|x64.ActiveCfg = Debug_bot|Win32
		{7A080E50-4D37-449A-B3FE-2BB1863D5C6E}.Debug_Softnyx|Win32.ActiveCfg = Debug|Win32
		{7A080E50-4D37-449A-B3FE-2BB1863D5C6E}.Debug_Softnyx|x64.ActiveCfg = Debug_bot|Win32
		{7A080E50-4D37-449A-B3FE-2BB1863D5C6E}.DebugHome(Google)|Win32.ActiveCfg = Debug|Win32
		{7A080E50-4D37-449A-B3FE-2BB1863D5C6E}.DebugHome(Google)|x64.ActiveCfg = Debug|Win32
		{7A080E50-4D37-449A-B3FE-2BB1863D5C6E}.DebugSingleHome|Win32.ActiveCfg = Debug|Win32
		{7A080E50-4D37-449A-B3FE-2BB1863D5C6E}.DebugSingleHome|x64.ActiveCfg = DebugSingleHome|Win32
		{7A080E50-4D37-449A-B3FE-2BB1863D5C6E}.DebugTestMode|Win32.ActiveCfg = DebugTestMode|Win32
		{7A080E50-4D37-449A-B3FE-2BB1863D5C6E}.DebugTestMode|x64.ActiveCfg = DebugTestMode|Win32
		{7A080E50-4D37-449A-B3FE-2BB1863D5C6E}.RelCrewGoogle|Win32.ActiveCfg = RelCrewDev|Win32
		{7A080E50-4D37-449A-B3FE-2BB1863D5C6E}.RelCrewGoogle|x64.ActiveCfg = RelCrewDev|Win32
		{7A080E50-4D37-449A-B3FE-2BB1863D5C6E}.RelCrewSoftnyx|Win32.ActiveCfg = RelCrewDev|Win32
		{7A080E50-4D37-449A-B3FE-2BB1863D5C6E}.RelCrewSoftnyx|x64.ActiveCfg = Rel_Bot|Win32
		{7A080E50-4D37-449A-B3FE-2BB1863D5C6E}.Release|Win32.ActiveCfg = Release|Win32
		{7A080E50-4D37-449A-B3FE-2BB1863D5C6E}.Release|x64.ActiveCfg = Release|Win32
		{7A080E50-4D37-449A-B3FE-2BB1863D5C6E}.RelGMOSoftnyx|Win32.ActiveCfg = Release_GMO|Win32
		{7A080E50-4D37-449A-B3FE-2BB1863D5C6E}.RelGMOSoftnyx|x64.ActiveCfg = Release_GMO|Win32
		{7A080E50-4D37-449A-B3FE-2BB1863D5C6E}.RelSingle|Win32.ActiveCfg = Release|Win32
		{7A080E50-4D37-449A-B3FE-2BB1863D5C6E}.RelSingle|x64.ActiveCfg = Release|Win32
		{7A080E50-4D37-449A-B3FE-2BB1863D5C6E}.RelSingleHome|Win32.ActiveCfg = Release|Win32
		{7A080E50-4D37-449A-B3FE-2BB1863D5C6E}.RelSingleHome|x64.ActiveCfg = RelSingleHome|Win32
		{7A080E50-4D37-449A-B3FE-2BB1863D5C6E}.RelTestMode|Win32.ActiveCfg = Release|Win32
		{7A080E50-4D37-449A-B3FE-2BB1863D5C6E}.RelTestMode|x64.ActiveCfg = RelSingleHome|Win32
		{B34B601B-C01D-4A8D-A4D2-6A832E45AE0D}._DebugGoogle|Win32.ActiveCfg = Debug|Win32
		{B34B601B-C01D-4A8D-A4D2-6A832E45AE0D}._DebugGoogle|x64.ActiveCfg = Debug|Win32
		{B34B601B-C01D-4A8D-A4D2-6A832E45AE0D}.Debug_DX|Win32.ActiveCfg = Debug_DummyGenerator|Win32
		{B34B601B-C01D-4A8D-A4D2-6A832E45AE0D}.Debug_DX|Win32.Build.0 = Debug_DummyGenerator|Win32
		{B34B601B-C01D-4A8D-A4D2-6A832E45AE0D}.Debug_DX|x64.ActiveCfg = Debug_DummyGenerator|Win32
		{B34B601B-C01D-4A8D-A4D2-6A832E45AE0D}.Debug_GMO|Win32.ActiveCfg = Debug_GMO|Win32
		{B34B601B-C01D-4A8D-A4D2-6A832E45AE0D}.Debug_GMO|x64.ActiveCfg = Debug_GMO|Win32
		{B34B601B-C01D-4A8D-A4D2-6A832E45AE0D}.Debug_Patch5|Win32.ActiveCfg = Debug|Win32
		{B34B601B-C01D-4A8D-A4D2-6A832E45AE0D}.Debug_Patch5|x64.ActiveCfg = Debug_DummyGenerator|Win32
		{B34B601B-C01D-4A8D-A4D2-6A832E45AE0D}.Debug_single|Win32.ActiveCfg = Debug|Win32
		{B34B601B-C01D-4A8D-A4D2-6A832E45AE0D}.Debug_single|x64.ActiveCfg = Debug_bot|Win32
		{B34B601B-C01D-4A8D-A4D2-6A832E45AE0D}.Debug_Softnyx|Win32.ActiveCfg = Debug|Win32
		{B34B601B-C01D-4A8D-A4D2-6A832E45AE0D}.Debug_Softnyx|x64.ActiveCfg = Debug_bot|Win32
		{B34B601B-C01D-4A8D-A4D2-6A832E45AE0D}.DebugHome(Google)|Win32.ActiveCfg = Debug|Win32
		{B34B601B-C01D-4A8D-A4D2-6A832E45AE0D}.DebugHome(Google)|x64.ActiveCfg = Debug|Win32
		{B34B601B-C01D-4A8D-A4D2-6A832E45AE0D}.DebugSingleHome|Win32.ActiveCfg = Debug|Win32
		{B34B601B-C01D-4A8D-A4D2-6A832E45AE0D}.DebugSingleHome|x64.ActiveCfg = DebugSingleHome|Win32
		{B34B601B-C01D-4A8D-A4D2-6A832E45AE0D}.DebugTestMode|Win32.ActiveCfg = DebugTestMode|Win32
		{B34B601B-C01D-4A8D-A4D2-6A832E45AE0D}.DebugTestMode|x64.ActiveCfg = DebugTestMode|Win32
		{B34B601B-C01D-4A8D-A4D2-6A832E45AE0D}.RelCrewGoogle|Win32.ActiveCfg = RelCrewDev|Win32
		{B34B601B-C01D-4A8D-A4D2-6A832E45AE0D}.RelCrewGoogle|x64.ActiveCfg = RelCrewDev|Win32
		{B34B601B-C01D-4A8D-A4D2-6A832E45AE0D}.RelCrewSoftnyx|Win32.ActiveCfg = RelCrewDev|Win32
		{B34B601B-C01D-4A8D-A4D2-6A832E45AE0D}.RelCrewSoftnyx|x64.ActiveCfg = Rel_Bot|Win32
		{B34B601B-C01D-4A8D-A4D2-6A832E45AE0D}.Release|Win32.ActiveCfg = Release|Win32
		{B34B601B-C01D-4A8D-A4D2-6A832E45AE0D}.Release|x64.ActiveCfg = Release|Win32
		{B34B601B-C01D-4A8D-A4D2-6A832E45AE0D}.RelGMOSoftnyx|Win32.ActiveCfg = Release_GMO|Win32
		{B34B601B-C01D-4A8D-A4D2-6A832E45AE0D}.RelGMOSoftnyx|x64.ActiveCfg = Release_GMO|Win32
		{B34B601B-C01D-4A8D-A4D2-6A832E45AE0D}.RelSingle|Win32.ActiveCfg = Release|Win32
		{B34B601B-C01D-4A8D-A4D2-6A832E45AE0D}.RelSingle|x64.ActiveCfg = Release|Win32
		{B34B601B-C01D-4A8D-A4D2-6A832E45AE0D}.RelSingleHome|Win32.ActiveCfg = Release|Win32
		{B34B601B-C01D-4A8D-A4D2-6A832E45AE0D}.RelSingleHome|x64.ActiveCfg = RelSingleHome|Win32
		{B34B601B-C01D-4A8D-A4D2-6A832E45AE0D}.RelTestMode|Win32.ActiveCfg = Release|Win32
		{B34B601B-C01D-4A8D-A4D2-6A832E45AE0D}.RelTestMode|x64.ActiveCfg = RelSingleHome|Win32
		{0C4742A0-4FF6-402D-A432-1AC7C1CED902}._DebugGoogle|Win32.ActiveCfg = Debug|Win32
		{0C4742A0-4FF6-402D-A432-1AC7C1CED902}._DebugGoogle|Win32.Build.0 = Debug|Win32
		{0C4742A0-4FF6-402D-A432-1AC7C1CED902}._DebugGoogle|x64.ActiveCfg = Debug|Win32
		{0C4742A0-4FF6-402D-A432-1AC7C1CED902}.Debug_DX|Win32.ActiveCfg = Debug|Win32
		{0C4742A0-4FF6-402D-A432-1AC7C1CED902}.Debug_DX|Win32.Build.0 = Debug|Win32
		{0C4742A0-4FF6-402D-A432-1AC7C1CED902}.Debug_DX|x64.ActiveCfg = Debug|Win32
		{0C4742A0-4FF6-402D-A432-1AC7C1CED902}.Debug_GMO|Win32.ActiveCfg = Debug_GMO|Win32
		{0C4742A0-4FF6-402D-A432-1AC7C1CED902}.Debug_GMO|Win32.Build.0 = Debug_GMO|Win32
		{0C4742A0-4FF6-402D-A432-1AC7C1CED902}.Debug_GMO|x64.ActiveCfg = Debug_GMO|Win32
		{0C4742A0-4FF6-402D-A432-1AC7C1CED902}.Debug_Patch5|Win32.ActiveCfg = Debug|Win32
		{0C4742A0-4FF6-402D-A432-1AC7C1CED902}.Debug_Patch5|Win32.Build.0 = Debug|Win32
		{0C4742A0-4FF6-402D-A432-1AC7C1CED902}.Debug_Patch5|x64.ActiveCfg = Debug_Softnyx|Win32
		{0C4742A0-4FF6-402D-A432-1AC7C1CED902}.Debug_single|Win32.ActiveCfg = Debug|Win32
		{0C4742A0-4FF6-402D-A432-1AC7C1CED902}.Debug_single|x64.ActiveCfg = Debug|Win32
		{0C4742A0-4FF6-402D-A432-1AC7C1CED902}.Debug_Softnyx|Win32.ActiveCfg = Debug|Win32
		{0C4742A0-4FF6-402D-A432-1AC7C1CED902}.Debug_Softnyx|Win32.Build.0 = Debug|Win32
		{0C4742A0-4FF6-402D-A432-1AC7C1CED902}.Debug_Softnyx|x64.ActiveCfg = Debug_Softnyx|Win32
		{0C4742A0-4FF6-402D-A432-1AC7C1CED902}.DebugHome(Google)|Win32.ActiveCfg = Debug|Win32
		{0C4742A0-4FF6-402D-A432-1AC7C1CED902}.DebugHome(Google)|x64.ActiveCfg = Debug|Win32
		{0C4742A0-4FF6-402D-A432-1AC7C1CED902}.DebugSingleHome|Win32.ActiveCfg = Debug|Win32
		{0C4742A0-4FF6-402D-A432-1AC7C1CED902}.DebugSingleHome|x64.ActiveCfg = DebugSingleHome|Win32
		{0C4742A0-4FF6-402D-A432-1AC7C1CED902}.DebugTestMode|Win32.ActiveCfg = DebugTestMode|Win32
		{0C4742A0-4FF6-402D-A432-1AC7C1CED902}.DebugTestMode|x64.ActiveCfg = DebugTestMode|Win32
		{0C4742A0-4FF6-402D-A432-1AC7C1CED902}.RelCrewGoogle|Win32.ActiveCfg = Release|Win32
		{0C4742A0-4FF6-402D-A432-1AC7C1CED902}.RelCrewGoogle|Win32.Build.0 = Release|Win32
		{0C4742A0-4FF6-402D-A432-1AC7C1CED902}.RelCrewGoogle|x64.ActiveCfg = Release_GMO|Win32
		{0C4742A0-4FF6-402D-A432-1AC7C1CED902}.RelCrewSoftnyx|Win32.ActiveCfg = RelSoftnyx|Win32
		{0C4742A0-4FF6-402D-A432-1AC7C1CED902}.RelCrewSoftnyx|Win32.Build.0 = RelSoftnyx|Win32
		{0C4742A0-4FF6-402D-A432-1AC7C1CED902}.RelCrewSoftnyx|x64.ActiveCfg = RelSoftnyx|Win32
		{0C4742A0-4FF6-402D-A432-1AC7C1CED902}.Release|Win32.ActiveCfg = Release|Win32
		{0C4742A0-4FF6-402D-A432-1AC7C1CED902}.Release|Win32.Build.0 = Release|Win32
		{0C4742A0-4FF6-402D-A432-1AC7C1CED902}.Release|x64.ActiveCfg = Release|Win32
		{0C4742A0-4FF6-402D-A432-1AC7C1CED902}.RelGMOSoftnyx|Win32.ActiveCfg = Release|Win32
		{0C4742A0-4FF6-402D-A432-1AC7C1CED902}.RelGMOSoftnyx|x64.ActiveCfg = Release_GMO|Win32
		{0C4742A0-4FF6-402D-A432-1AC7C1CED902}.RelSingle|Win32.ActiveCfg = Release|Win32
		{0C4742A0-4FF6-402D-A432-1AC7C1CED902}.RelSingle|Win32.Build.0 = Release|Win32
		{0C4742A0-4FF6-402D-A432-1AC7C1CED902}.RelSingle|x64.ActiveCfg = Release|Win32
		{0C4742A0-4FF6-402D-A432-1AC7C1CED902}.RelSingleHome|Win32.ActiveCfg = RelHome|Win32
		{0C4742A0-4FF6-402D-A432-1AC7C1CED902}.RelSingleHome|x64.ActiveCfg = RelHome|Win32
		{0C4742A0-4FF6-402D-A432-1AC7C1CED902}.RelSingleHome|x64.Build.0 = RelHome|Win32
		{0C4742A0-4FF6-402D-A432-1AC7C1CED902}.RelTestMode|Win32.ActiveCfg = RelHome|Win32
		{0C4742A0-4FF6-402D-A432-1AC7C1CED902}.RelTestMode|x64.ActiveCfg = RelHome|Win32
		{0C4742A0-4FF6-402D-A432-1AC7C1CED902}.RelTestMode|x64.Build.0 = RelHome|Win32
	EndGlobalSection
	GlobalSection(SolutionProperties) = preSolution
		HideSolutionNode = FALSE
	EndGlobalSection
EndGlobal
