
Microsoft Visual Studio Solution File, Format Version 12.00
# Visual Studio 2013
VisualStudioVersion = 12.0.40629.0
MinimumVisualStudioVersion = 10.0.40219.1
Project("{8BC9CEB8-8B4A-11D0-8D11-00A0C91BC942}") = "DBAgentServer_2013", "DBAgentServer\DBAgentServer2013.vcxproj.vcxproj", "{F0CA98AD-98DA-4DED-9C0B-2372EA11DD87}"
	ProjectSection(ProjectDependencies) = postProject
		{B014BA75-0D5C-4F52-886A-BF629C38BEFE} = {B014BA75-0D5C-4F52-886A-BF629C38BEFE}
	EndProjectSection
EndProject
Project("{8BC9CEB8-8B4A-11D0-8D11-00A0C91BC942}") = "xe_server_2013", "..\..\..\..\XE\prj\xe_server\xe_server\xe_server2013.vcxproj.vcxproj", "{B014BA75-0D5C-4F52-886A-BF629C38BEFE}"
EndProject
Global
	GlobalSection(SourceCodeControl) = preSolution
		SccNumberOfProjects = 2
		SccProjectUniqueName0 = DBAgentServer\\DBAgentServer2013.vcxproj.vcxproj
		SccProjectName0 = Perforce\u0020Project
		SccLocalPath0 = ..\\..\\..\\..
		SccProvider0 = MSSCCI:Perforce\u0020SCM
		SccProjectFilePathRelativizedFromConnection0 = Caribe\\App\\pc_prj\\DBAgentServer\\DBAgentServer\\
		SccProjectUniqueName1 = ..\\..\\..\\..\\XE\\prj\\xe_server\\xe_server\\xe_server2013.vcxproj.vcxproj
		SccProjectName1 = Perforce\u0020Project
		SccLocalPath1 = ..\\..\\..\\..
		SccProvider1 = MSSCCI:Perforce\u0020SCM
		SccProjectFilePathRelativizedFromConnection1 = XE\\prj\\xe_server\\xe_server\\
	EndGlobalSection
	GlobalSection(SolutionConfigurationPlatforms) = preSolution
		Debug_bot|Win32 = Debug_bot|Win32
		Debug_bot|x64 = Debug_bot|x64
		Debug_Bot2|Win32 = Debug_Bot2|Win32
		Debug_Bot2|x64 = Debug_Bot2|x64
		Debug_DummyGenerator|Win32 = Debug_DummyGenerator|Win32
		Debug_DummyGenerator|x64 = Debug_DummyGenerator|x64
		Debug_DX|Win32 = Debug_DX|Win32
		Debug_DX|x64 = Debug_DX|x64
		Debug_NoBreak|Win32 = Debug_NoBreak|Win32
		Debug_NoBreak|x64 = Debug_NoBreak|x64
		Debug_patch2|Win32 = Debug_patch2|Win32
		Debug_patch2|x64 = Debug_patch2|x64
		Debug_Patch4|Win32 = Debug_Patch4|Win32
		Debug_Patch4|x64 = Debug_Patch4|x64
		Debug_Patch5|Win32 = Debug_Patch5|Win32
		Debug_Patch5|x64 = Debug_Patch5|x64
		Debug_Softnyx|Win32 = Debug_Softnyx|Win32
		Debug_Softnyx|x64 = Debug_Softnyx|x64
		Debug|Win32 = Debug|Win32
		Debug|x64 = Debug|x64
		Rel_DummyGenerator|Win32 = Rel_DummyGenerator|Win32
		Rel_DummyGenerator|x64 = Rel_DummyGenerator|x64
		Release_Bot2|Win32 = Release_Bot2|Win32
		Release_Bot2|x64 = Release_Bot2|x64
		Release_Developer|Win32 = Release_Developer|Win32
		Release_Developer|x64 = Release_Developer|x64
		Release|Win32 = Release|Win32
		Release|x64 = Release|x64
	EndGlobalSection
	GlobalSection(ProjectConfigurationPlatforms) = postSolution
		{F0CA98AD-98DA-4DED-9C0B-2372EA11DD87}.Debug_bot|Win32.ActiveCfg = Debug_bot|Win32
		{F0CA98AD-98DA-4DED-9C0B-2372EA11DD87}.Debug_bot|Win32.Build.0 = Debug_bot|Win32
		{F0CA98AD-98DA-4DED-9C0B-2372EA11DD87}.Debug_bot|x64.ActiveCfg = Debug_bot|Win32
		{F0CA98AD-98DA-4DED-9C0B-2372EA11DD87}.Debug_Bot2|Win32.ActiveCfg = Debug_bot|Win32
		{F0CA98AD-98DA-4DED-9C0B-2372EA11DD87}.Debug_Bot2|Win32.Build.0 = Debug_bot|Win32
		{F0CA98AD-98DA-4DED-9C0B-2372EA11DD87}.Debug_Bot2|x64.ActiveCfg = Debug_bot|Win32
		{F0CA98AD-98DA-4DED-9C0B-2372EA11DD87}.Debug_DummyGenerator|Win32.ActiveCfg = Debug_DummyGenerator|Win32
		{F0CA98AD-98DA-4DED-9C0B-2372EA11DD87}.Debug_DummyGenerator|Win32.Build.0 = Debug_DummyGenerator|Win32
		{F0CA98AD-98DA-4DED-9C0B-2372EA11DD87}.Debug_DummyGenerator|x64.ActiveCfg = Debug_DummyGenerator|Win32
		{F0CA98AD-98DA-4DED-9C0B-2372EA11DD87}.Debug_DX|Win32.ActiveCfg = Debug_DummyGenerator|Win32
		{F0CA98AD-98DA-4DED-9C0B-2372EA11DD87}.Debug_DX|Win32.Build.0 = Debug_DummyGenerator|Win32
		{F0CA98AD-98DA-4DED-9C0B-2372EA11DD87}.Debug_DX|x64.ActiveCfg = Debug_DummyGenerator|Win32
		{F0CA98AD-98DA-4DED-9C0B-2372EA11DD87}.Debug_NoBreak|Win32.ActiveCfg = Debug_Softnyx|Win32
		{F0CA98AD-98DA-4DED-9C0B-2372EA11DD87}.Debug_NoBreak|Win32.Build.0 = Debug_Softnyx|Win32
		{F0CA98AD-98DA-4DED-9C0B-2372EA11DD87}.Debug_NoBreak|x64.ActiveCfg = Debug_Softnyx|Win32
		{F0CA98AD-98DA-4DED-9C0B-2372EA11DD87}.Debug_patch2|Win32.ActiveCfg = Debug_Softnyx|Win32
		{F0CA98AD-98DA-4DED-9C0B-2372EA11DD87}.Debug_patch2|Win32.Build.0 = Debug_Softnyx|Win32
		{F0CA98AD-98DA-4DED-9C0B-2372EA11DD87}.Debug_patch2|x64.ActiveCfg = Debug_Softnyx|Win32
		{F0CA98AD-98DA-4DED-9C0B-2372EA11DD87}.Debug_Patch4|Win32.ActiveCfg = Debug_Softnyx|Win32
		{F0CA98AD-98DA-4DED-9C0B-2372EA11DD87}.Debug_Patch4|Win32.Build.0 = Debug_Softnyx|Win32
		{F0CA98AD-98DA-4DED-9C0B-2372EA11DD87}.Debug_Patch4|x64.ActiveCfg = Debug_Softnyx|Win32
		{F0CA98AD-98DA-4DED-9C0B-2372EA11DD87}.Debug_Patch5|Win32.ActiveCfg = Debug_Softnyx|Win32
		{F0CA98AD-98DA-4DED-9C0B-2372EA11DD87}.Debug_Patch5|Win32.Build.0 = Debug_Softnyx|Win32
		{F0CA98AD-98DA-4DED-9C0B-2372EA11DD87}.Debug_Patch5|x64.ActiveCfg = Debug_Softnyx|Win32
		{F0CA98AD-98DA-4DED-9C0B-2372EA11DD87}.Debug_Softnyx|Win32.ActiveCfg = Debug_Softnyx|Win32
		{F0CA98AD-98DA-4DED-9C0B-2372EA11DD87}.Debug_Softnyx|Win32.Build.0 = Debug_Softnyx|Win32
		{F0CA98AD-98DA-4DED-9C0B-2372EA11DD87}.Debug_Softnyx|x64.ActiveCfg = Debug_Softnyx|Win32
		{F0CA98AD-98DA-4DED-9C0B-2372EA11DD87}.Debug|Win32.ActiveCfg = Debug|Win32
		{F0CA98AD-98DA-4DED-9C0B-2372EA11DD87}.Debug|Win32.Build.0 = Debug|Win32
		{F0CA98AD-98DA-4DED-9C0B-2372EA11DD87}.Debug|x64.ActiveCfg = Debug|Win32
		{F0CA98AD-98DA-4DED-9C0B-2372EA11DD87}.Rel_DummyGenerator|Win32.ActiveCfg = Rel_DummyGenerator|Win32
		{F0CA98AD-98DA-4DED-9C0B-2372EA11DD87}.Rel_DummyGenerator|Win32.Build.0 = Rel_DummyGenerator|Win32
		{F0CA98AD-98DA-4DED-9C0B-2372EA11DD87}.Rel_DummyGenerator|x64.ActiveCfg = Rel_DummyGenerator|Win32
		{F0CA98AD-98DA-4DED-9C0B-2372EA11DD87}.Release_Bot2|Win32.ActiveCfg = Release|Win32
		{F0CA98AD-98DA-4DED-9C0B-2372EA11DD87}.Release_Bot2|Win32.Build.0 = Release|Win32
		{F0CA98AD-98DA-4DED-9C0B-2372EA11DD87}.Release_Bot2|x64.ActiveCfg = Release|Win32
		{F0CA98AD-98DA-4DED-9C0B-2372EA11DD87}.Release_Developer|Win32.ActiveCfg = Release|Win32
		{F0CA98AD-98DA-4DED-9C0B-2372EA11DD87}.Release_Developer|Win32.Build.0 = Release|Win32
		{F0CA98AD-98DA-4DED-9C0B-2372EA11DD87}.Release_Developer|x64.ActiveCfg = Release|Win32
		{F0CA98AD-98DA-4DED-9C0B-2372EA11DD87}.Release|Win32.ActiveCfg = Release|Win32
		{F0CA98AD-98DA-4DED-9C0B-2372EA11DD87}.Release|Win32.Build.0 = Release|Win32
		{F0CA98AD-98DA-4DED-9C0B-2372EA11DD87}.Release|x64.ActiveCfg = Release|Win32
		{B014BA75-0D5C-4F52-886A-BF629C38BEFE}.Debug_bot|Win32.ActiveCfg = Debug_bot|Win32
		{B014BA75-0D5C-4F52-886A-BF629C38BEFE}.Debug_bot|Win32.Build.0 = Debug_bot|Win32
		{B014BA75-0D5C-4F52-886A-BF629C38BEFE}.Debug_bot|x64.ActiveCfg = Debug_bot|x64
		{B014BA75-0D5C-4F52-886A-BF629C38BEFE}.Debug_bot|x64.Build.0 = Debug_bot|x64
		{B014BA75-0D5C-4F52-886A-BF629C38BEFE}.Debug_Bot2|Win32.ActiveCfg = Debug_bot|Win32
		{B014BA75-0D5C-4F52-886A-BF629C38BEFE}.Debug_Bot2|Win32.Build.0 = Debug_bot|Win32
		{B014BA75-0D5C-4F52-886A-BF629C38BEFE}.Debug_Bot2|x64.ActiveCfg = Debug_bot|x64
		{B014BA75-0D5C-4F52-886A-BF629C38BEFE}.Debug_Bot2|x64.Build.0 = Debug_bot|x64
		{B014BA75-0D5C-4F52-886A-BF629C38BEFE}.Debug_DummyGenerator|Win32.ActiveCfg = Debug_DummyGenerator|Win32
		{B014BA75-0D5C-4F52-886A-BF629C38BEFE}.Debug_DummyGenerator|Win32.Build.0 = Debug_DummyGenerator|Win32
		{B014BA75-0D5C-4F52-886A-BF629C38BEFE}.Debug_DummyGenerator|x64.ActiveCfg = Debug_DummyGenerator|x64
		{B014BA75-0D5C-4F52-886A-BF629C38BEFE}.Debug_DummyGenerator|x64.Build.0 = Debug_DummyGenerator|x64
		{B014BA75-0D5C-4F52-886A-BF629C38BEFE}.Debug_DX|Win32.ActiveCfg = Debug_DummyGenerator|Win32
		{B014BA75-0D5C-4F52-886A-BF629C38BEFE}.Debug_DX|Win32.Build.0 = Debug_DummyGenerator|Win32
		{B014BA75-0D5C-4F52-886A-BF629C38BEFE}.Debug_DX|x64.ActiveCfg = Debug_DummyGenerator|x64
		{B014BA75-0D5C-4F52-886A-BF629C38BEFE}.Debug_DX|x64.Build.0 = Debug_DummyGenerator|x64
		{B014BA75-0D5C-4F52-886A-BF629C38BEFE}.Debug_NoBreak|Win32.ActiveCfg = Debug_Softnyx|Win32
		{B014BA75-0D5C-4F52-886A-BF629C38BEFE}.Debug_NoBreak|Win32.Build.0 = Debug_Softnyx|Win32
		{B014BA75-0D5C-4F52-886A-BF629C38BEFE}.Debug_NoBreak|x64.ActiveCfg = Debug_Softnyx|x64
		{B014BA75-0D5C-4F52-886A-BF629C38BEFE}.Debug_NoBreak|x64.Build.0 = Debug_Softnyx|x64
		{B014BA75-0D5C-4F52-886A-BF629C38BEFE}.Debug_patch2|Win32.ActiveCfg = Debug_Softnyx|Win32
		{B014BA75-0D5C-4F52-886A-BF629C38BEFE}.Debug_patch2|Win32.Build.0 = Debug_Softnyx|Win32
		{B014BA75-0D5C-4F52-886A-BF629C38BEFE}.Debug_patch2|x64.ActiveCfg = Debug_Softnyx|x64
		{B014BA75-0D5C-4F52-886A-BF629C38BEFE}.Debug_patch2|x64.Build.0 = Debug_Softnyx|x64
		{B014BA75-0D5C-4F52-886A-BF629C38BEFE}.Debug_Patch4|Win32.ActiveCfg = Debug_Softnyx|Win32
		{B014BA75-0D5C-4F52-886A-BF629C38BEFE}.Debug_Patch4|Win32.Build.0 = Debug_Softnyx|Win32
		{B014BA75-0D5C-4F52-886A-BF629C38BEFE}.Debug_Patch4|x64.ActiveCfg = Debug_Softnyx|x64
		{B014BA75-0D5C-4F52-886A-BF629C38BEFE}.Debug_Patch4|x64.Build.0 = Debug_Softnyx|x64
		{B014BA75-0D5C-4F52-886A-BF629C38BEFE}.Debug_Patch5|Win32.ActiveCfg = Debug_Softnyx|Win32
		{B014BA75-0D5C-4F52-886A-BF629C38BEFE}.Debug_Patch5|Win32.Build.0 = Debug_Softnyx|Win32
		{B014BA75-0D5C-4F52-886A-BF629C38BEFE}.Debug_Patch5|x64.ActiveCfg = Debug_Softnyx|x64
		{B014BA75-0D5C-4F52-886A-BF629C38BEFE}.Debug_Patch5|x64.Build.0 = Debug_Softnyx|x64
		{B014BA75-0D5C-4F52-886A-BF629C38BEFE}.Debug_Softnyx|Win32.ActiveCfg = Debug_Softnyx|Win32
		{B014BA75-0D5C-4F52-886A-BF629C38BEFE}.Debug_Softnyx|Win32.Build.0 = Debug_Softnyx|Win32
		{B014BA75-0D5C-4F52-886A-BF629C38BEFE}.Debug_Softnyx|x64.ActiveCfg = Debug_Softnyx|x64
		{B014BA75-0D5C-4F52-886A-BF629C38BEFE}.Debug_Softnyx|x64.Build.0 = Debug_Softnyx|x64
		{B014BA75-0D5C-4F52-886A-BF629C38BEFE}.Debug|Win32.ActiveCfg = Debug|Win32
		{B014BA75-0D5C-4F52-886A-BF629C38BEFE}.Debug|Win32.Build.0 = Debug|Win32
		{B014BA75-0D5C-4F52-886A-BF629C38BEFE}.Debug|x64.ActiveCfg = Debug|x64
		{B014BA75-0D5C-4F52-886A-BF629C38BEFE}.Debug|x64.Build.0 = Debug|x64
		{B014BA75-0D5C-4F52-886A-BF629C38BEFE}.Rel_DummyGenerator|Win32.ActiveCfg = Rel_DummyGenerator|Win32
		{B014BA75-0D5C-4F52-886A-BF629C38BEFE}.Rel_DummyGenerator|Win32.Build.0 = Rel_DummyGenerator|Win32
		{B014BA75-0D5C-4F52-886A-BF629C38BEFE}.Rel_DummyGenerator|x64.ActiveCfg = Rel_DummyGenerator|x64
		{B014BA75-0D5C-4F52-886A-BF629C38BEFE}.Rel_DummyGenerator|x64.Build.0 = Rel_DummyGenerator|x64
		{B014BA75-0D5C-4F52-886A-BF629C38BEFE}.Release_Bot2|Win32.ActiveCfg = Release_GMO|Win32
		{B014BA75-0D5C-4F52-886A-BF629C38BEFE}.Release_Bot2|Win32.Build.0 = Release_GMO|Win32
		{B014BA75-0D5C-4F52-886A-BF629C38BEFE}.Release_Bot2|x64.ActiveCfg = Release_GMO|x64
		{B014BA75-0D5C-4F52-886A-BF629C38BEFE}.Release_Bot2|x64.Build.0 = Release_GMO|x64
		{B014BA75-0D5C-4F52-886A-BF629C38BEFE}.Release_Developer|Win32.ActiveCfg = Release_GMO|Win32
		{B014BA75-0D5C-4F52-886A-BF629C38BEFE}.Release_Developer|Win32.Build.0 = Release_GMO|Win32
		{B014BA75-0D5C-4F52-886A-BF629C38BEFE}.Release_Developer|x64.ActiveCfg = Release_GMO|x64
		{B014BA75-0D5C-4F52-886A-BF629C38BEFE}.Release_Developer|x64.Build.0 = Release_GMO|x64
		{B014BA75-0D5C-4F52-886A-BF629C38BEFE}.Release|Win32.ActiveCfg = Release|Win32
		{B014BA75-0D5C-4F52-886A-BF629C38BEFE}.Release|Win32.Build.0 = Release|Win32
		{B014BA75-0D5C-4F52-886A-BF629C38BEFE}.Release|x64.ActiveCfg = Release|x64
		{B014BA75-0D5C-4F52-886A-BF629C38BEFE}.Release|x64.Build.0 = Release|x64
	EndGlobalSection
	GlobalSection(SolutionProperties) = preSolution
		HideSolutionNode = FALSE
	EndGlobalSection
EndGlobal
