<?xml version="1.0" encoding="utf-8"?>
<Project ToolsVersion="4.0" xmlns="http://schemas.microsoft.com/developer/msbuild/2003">
  <ItemGroup>
    <Filter Include="소스 파일">
      <UniqueIdentifier>{4FC737F1-C7A5-4376-A066-2A32D752A2FF}</UniqueIdentifier>
      <Extensions>cpp;c;cc;cxx;def;odl;idl;hpj;bat;asm;asmx</Extensions>
    </Filter>
    <Filter Include="헤더 파일">
      <UniqueIdentifier>{93995380-89BD-4b04-88EB-625FBE52EBFB}</UniqueIdentifier>
      <Extensions>h;hpp;hxx;hm;inl;inc;xsd</Extensions>
    </Filter>
    <Filter Include="리소스 파일">
      <UniqueIdentifier>{67DA6AB6-F800-4c08-8B7A-83BB121AAD01}</UniqueIdentifier>
      <Extensions>rc;ico;cur;bmp;dlg;rc2;rct;bin;rgs;gif;jpg;jpeg;jpe;resx;tiff;tif;png;wav;mfcribbon-ms</Extensions>
    </Filter>
  </ItemGroup>
  <ItemGroup>
    <None Include="ReadMe.txt" />
  </ItemGroup>
  <ItemGroup>
    <ClCompile Include="..\..\Third_Party_lib\zlib\inffast.c">
      <Filter>소스 파일</Filter>
    </ClCompile>
    <ClCompile Include="..\..\Third_Party_lib\zlib\inflate.c">
      <Filter>소스 파일</Filter>
    </ClCompile>
    <ClCompile Include="..\..\Third_Party_lib\zlib\inftrees.c">
      <Filter>소스 파일</Filter>
    </ClCompile>
    <ClCompile Include="..\..\Third_Party_lib\zlib\trees.c">
      <Filter>소스 파일</Filter>
    </ClCompile>
    <ClCompile Include="..\..\Third_Party_lib\zlib\uncompr.c">
      <Filter>소스 파일</Filter>
    </ClCompile>
    <ClCompile Include="..\..\Third_Party_lib\zlib\zutil.c">
      <Filter>소스 파일</Filter>
    </ClCompile>
    <ClCompile Include="..\..\Third_Party_lib\zlib\adler32.c">
      <Filter>소스 파일</Filter>
    </ClCompile>
    <ClCompile Include="..\..\Third_Party_lib\zlib\compress.c">
      <Filter>소스 파일</Filter>
    </ClCompile>
    <ClCompile Include="..\..\Third_Party_lib\zlib\crc32.c">
      <Filter>소스 파일</Filter>
    </ClCompile>
    <ClCompile Include="..\..\Third_Party_lib\zlib\deflate.c">
      <Filter>소스 파일</Filter>
    </ClCompile>
    <ClCompile Include="..\..\Third_Party_lib\zlib\gzclose.c">
      <Filter>소스 파일</Filter>
    </ClCompile>
    <ClCompile Include="..\..\Third_Party_lib\zlib\gzlib.c">
      <Filter>소스 파일</Filter>
    </ClCompile>
    <ClCompile Include="..\..\Third_Party_lib\zlib\gzread.c">
      <Filter>소스 파일</Filter>
    </ClCompile>
    <ClCompile Include="..\..\Third_Party_lib\zlib\gzwrite.c">
      <Filter>소스 파일</Filter>
    </ClCompile>
    <ClCompile Include="..\..\Third_Party_lib\zlib\infback.c">
      <Filter>소스 파일</Filter>
    </ClCompile>
  </ItemGroup>
  <ItemGroup>
    <ClInclude Include="..\..\Third_Party_lib\zlib\inftrees.h">
      <Filter>헤더 파일</Filter>
    </ClInclude>
    <ClInclude Include="..\..\Third_Party_lib\zlib\trees.h">
      <Filter>헤더 파일</Filter>
    </ClInclude>
    <ClInclude Include="..\..\Third_Party_lib\zlib\zconf.h">
      <Filter>헤더 파일</Filter>
    </ClInclude>
    <ClInclude Include="..\..\Third_Party_lib\zlib\zlib.h">
      <Filter>헤더 파일</Filter>
    </ClInclude>
    <ClInclude Include="..\..\Third_Party_lib\zlib\zutil.h">
      <Filter>헤더 파일</Filter>
    </ClInclude>
    <ClInclude Include="..\..\Third_Party_lib\zlib\crc32.h">
      <Filter>헤더 파일</Filter>
    </ClInclude>
    <ClInclude Include="..\..\Third_Party_lib\zlib\deflate.h">
      <Filter>헤더 파일</Filter>
    </ClInclude>
    <ClInclude Include="..\..\Third_Party_lib\zlib\gzguts.h">
      <Filter>헤더 파일</Filter>
    </ClInclude>
    <ClInclude Include="..\..\Third_Party_lib\zlib\inffast.h">
      <Filter>헤더 파일</Filter>
    </ClInclude>
    <ClInclude Include="..\..\Third_Party_lib\zlib\inffixed.h">
      <Filter>헤더 파일</Filter>
    </ClInclude>
    <ClInclude Include="..\..\Third_Party_lib\zlib\inflate.h">
      <Filter>헤더 파일</Filter>
    </ClInclude>
  </ItemGroup>
</Project>